{
  "name": "movieApp",
  "lockfileVersion": 2,
  "requires": true,
  "packages": {
    "": {
      "dependencies": {
        "@react-oauth/google": "^0.8.0",
        "moment": "^2.29.4",
        "papaparse": "^5.4.0",
        "react-form-input-validation": "^2.1.0",
        "react-infinite-scroll-component": "^6.1.0"
      }
    },
    "node_modules/@react-oauth/google": {
      "version": "0.8.0",
      "resolved": "https://registry.npmjs.org/@react-oauth/google/-/google-0.8.0.tgz",
      "integrity": "sha512-xmIhYvvaBSblOzo3Fqv762lqub92SOFR8eRR7QpPyFPZEXZcOymaMuEkRSUKUrbu+9wfB8qtOaGMRJzrN7U2PA==",
      "peerDependencies": {
        "react": ">=16.8.0",
        "react-dom": ">=16.8.0"
      }
    },
    "node_modules/js-tokens": {
      "version": "4.0.0",
      "resolved": "https://registry.npmjs.org/js-tokens/-/js-tokens-4.0.0.tgz",
      "integrity": "sha512-RdJUflcE3cUzKiMqQgsCu06FPu9UdIJO0beYbPhHN4k6apgJtifcoCtT9bcxOpYBtpD2kCM6Sbzg4CausW/PKQ==",
      "peer": true
    },
    "node_modules/loose-envify": {
      "version": "1.4.0",
      "resolved": "https://registry.npmjs.org/loose-envify/-/loose-envify-1.4.0.tgz",
      "integrity": "sha512-lyuxPGr/Wfhrlem2CL/UcnUc1zcqKAImBDzukY7Y5F/yQiNdko6+fRLevlw1HgMySw7f611UIY408EtxRSoK3Q==",
      "peer": true,
      "dependencies": {
        "js-tokens": "^3.0.0 || ^4.0.0"
      },
      "bin": {
        "loose-envify": "cli.js"
      }
    },
    "node_modules/moment": {
      "version": "2.29.4",
      "resolved": "https://registry.npmjs.org/moment/-/moment-2.29.4.tgz",
      "integrity": "sha512-5LC9SOxjSc2HF6vO2CyuTDNivEdoz2IvyJJGj6X8DJ0eFyfszE0QiEd+iXmBvUP3WHxSjFH/vIsA0EN00cgr8w==",
      "engines": {
        "node": "*"
      }
    },
    "node_modules/papaparse": {
      "version": "5.4.0",
      "resolved": "https://registry.npmjs.org/papaparse/-/papaparse-5.4.0.tgz",
      "integrity": "sha512-ZBQABWG09p+u8rFoJVl/GhgxZ5zy9Zh1Lu/LVc7VX5T4nljjC14/YTcpebYwqP218B9X307eBOP7Tuhoqv7v7w=="
    },
    "node_modules/react": {
      "version": "18.2.0",
      "resolved": "https://registry.npmjs.org/react/-/react-18.2.0.tgz",
      "integrity": "sha512-/3IjMdb2L9QbBdWiW5e3P2/npwMBaU9mHCSCUzNln0ZCYbcfTsGbTJrU/kGemdH2IWmB2ioZ+zkxtmq6g09fGQ==",
      "peer": true,
      "dependencies": {
        "loose-envify": "^1.1.0"
      },
      "engines": {
        "node": ">=0.10.0"
      }
    },
    "node_modules/react-dom": {
      "version": "18.2.0",
      "resolved": "https://registry.npmjs.org/react-dom/-/react-dom-18.2.0.tgz",
      "integrity": "sha512-6IMTriUmvsjHUjNtEDudZfuDQUoWXVxKHhlEGSk81n4YFS+r/Kl99wXiwlVXtPBtJenozv2P+hxDsw9eA7Xo6g==",
      "peer": true,
      "dependencies": {
        "loose-envify": "^1.1.0",
        "scheduler": "^0.23.0"
      },
      "peerDependencies": {
        "react": "^18.2.0"
      }
    },
    "node_modules/react-form-input-validation": {
      "version": "2.1.0",
      "resolved": "https://registry.npmjs.org/react-form-input-validation/-/react-form-input-validation-2.1.0.tgz",
      "integrity": "sha512-XQUoQd540ykxUkEuoakJXo55IXMzgBgLFsT81CjnQ9LTufgGibOyKyJ5ByPdfPotpRwHbdxURMU5b9rq+8Vj4Q==",
      "dependencies": {
        "validatorjs": "^3.22.1"
      },
      "peerDependencies": {
        "react": ">=16.9.0"
      }
    },
    "node_modules/react-infinite-scroll-component": {
      "version": "6.1.0",
      "resolved": "https://registry.npmjs.org/react-infinite-scroll-component/-/react-infinite-scroll-component-6.1.0.tgz",
      "integrity": "sha512-SQu5nCqy8DxQWpnUVLx7V7b7LcA37aM7tvoWjTLZp1dk6EJibM5/4EJKzOnl07/BsM1Y40sKLuqjCwwH/xV0TQ==",
      "dependencies": {
        "throttle-debounce": "^2.1.0"
      },
      "peerDependencies": {
        "react": ">=16.0.0"
      }
    },
    "node_modules/scheduler": {
      "version": "0.23.0",
      "resolved": "https://registry.npmjs.org/scheduler/-/scheduler-0.23.0.tgz",
      "integrity": "sha512-CtuThmgHNg7zIZWAXi3AsyIzA3n4xx7aNyjwC2VJldO2LMVDhFK+63xGqq6CsJH4rTAt6/M+N4GhZiDYPx9eUw==",
      "peer": true,
      "dependencies": {
        "loose-envify": "^1.1.0"
      }
    },
    "node_modules/throttle-debounce": {
      "version": "2.3.0",
      "resolved": "https://registry.npmjs.org/throttle-debounce/-/throttle-debounce-2.3.0.tgz",
      "integrity": "sha512-H7oLPV0P7+jgvrk+6mwwwBDmxTaxnu9HMXmloNLXwnNO0ZxZ31Orah2n8lU1eMPvsaowP2CX+USCgyovXfdOFQ==",
      "engines": {
        "node": ">=8"
      }
    },
    "node_modules/validatorjs": {
      "version": "3.22.1",
      "resolved": "https://registry.npmjs.org/validatorjs/-/validatorjs-3.22.1.tgz",
      "integrity": "sha512-451KiCt/3E8qV/8fOUdO0YkA8zUdQBNVxubg9jvgEB+JAg9IlRKrClzwq2ir2ndj7TWmPYQ7bXFb4BxcyX2iWw=="
    }
  },
  "dependencies": {
    "@react-oauth/google": {
      "version": "0.8.0",
      "resolved": "https://registry.npmjs.org/@react-oauth/google/-/google-0.8.0.tgz",
      "integrity": "sha512-xmIhYvvaBSblOzo3Fqv762lqub92SOFR8eRR7QpPyFPZEXZcOymaMuEkRSUKUrbu+9wfB8qtOaGMRJzrN7U2PA==",
      "requires": {}
    },
    "js-tokens": {
      "version": "4.0.0",
      "resolved": "https://registry.npmjs.org/js-tokens/-/js-tokens-4.0.0.tgz",
      "integrity": "sha512-RdJUflcE3cUzKiMqQgsCu06FPu9UdIJO0beYbPhHN4k6apgJtifcoCtT9bcxOpYBtpD2kCM6Sbzg4CausW/PKQ==",
      "peer": true
    },
    "loose-envify": {
      "version": "1.4.0",
      "resolved": "https://registry.npmjs.org/loose-envify/-/loose-envify-1.4.0.tgz",
      "integrity": "sha512-lyuxPGr/Wfhrlem2CL/UcnUc1zcqKAImBDzukY7Y5F/yQiNdko6+fRLevlw1HgMySw7f611UIY408EtxRSoK3Q==",
      "peer": true,
      "requires": {
        "js-tokens": "^3.0.0 || ^4.0.0"
      }
    },
    "moment": {
      "version": "2.29.4",
      "resolved": "https://registry.npmjs.org/moment/-/moment-2.29.4.tgz",
      "integrity": "sha512-5LC9SOxjSc2HF6vO2CyuTDNivEdoz2IvyJJGj6X8DJ0eFyfszE0QiEd+iXmBvUP3WHxSjFH/vIsA0EN00cgr8w=="
    },
    "papaparse": {
      "version": "5.4.0",
      "resolved": "https://registry.npmjs.org/papaparse/-/papaparse-5.4.0.tgz",
      "integrity": "sha512-ZBQABWG09p+u8rFoJVl/GhgxZ5zy9Zh1Lu/LVc7VX5T4nljjC14/YTcpebYwqP218B9X307eBOP7Tuhoqv7v7w=="
    },
    "react": {
      "version": "18.2.0",
      "resolved": "https://registry.npmjs.org/react/-/react-18.2.0.tgz",
      "integrity": "sha512-/3IjMdb2L9QbBdWiW5e3P2/npwMBaU9mHCSCUzNln0ZCYbcfTsGbTJrU/kGemdH2IWmB2ioZ+zkxtmq6g09fGQ==",
      "peer": true,
      "requires": {
        "loose-envify": "^1.1.0"
      }
    },
    "react-dom": {
      "version": "18.2.0",
      "resolved": "https://registry.npmjs.org/react-dom/-/react-dom-18.2.0.tgz",
      "integrity": "sha512-6IMTriUmvsjHUjNtEDudZfuDQUoWXVxKHhlEGSk81n4YFS+r/Kl99wXiwlVXtPBtJenozv2P+hxDsw9eA7Xo6g==",
      "peer": true,
      "requires": {
        "loose-envify": "^1.1.0",
        "scheduler": "^0.23.0"
      }
    },
    "react-form-input-validation": {
      "version": "2.1.0",
      "resolved": "https://registry.npmjs.org/react-form-input-validation/-/react-form-input-validation-2.1.0.tgz",
      "integrity": "sha512-XQUoQd540ykxUkEuoakJXo55IXMzgBgLFsT81CjnQ9LTufgGibOyKyJ5ByPdfPotpRwHbdxURMU5b9rq+8Vj4Q==",
      "requires": {
        "validatorjs": "^3.22.1"
      }
    },
    "react-infinite-scroll-component": {
      "version": "6.1.0",
      "resolved": "https://registry.npmjs.org/react-infinite-scroll-component/-/react-infinite-scroll-component-6.1.0.tgz",
      "integrity": "sha512-SQu5nCqy8DxQWpnUVLx7V7b7LcA37aM7tvoWjTLZp1dk6EJibM5/4EJKzOnl07/BsM1Y40sKLuqjCwwH/xV0TQ==",
      "requires": {
        "throttle-debounce": "^2.1.0"
      }
    },
    "scheduler": {
      "version": "0.23.0",
      "resolved": "https://registry.npmjs.org/scheduler/-/scheduler-0.23.0.tgz",
      "integrity": "sha512-CtuThmgHNg7zIZWAXi3AsyIzA3n4xx7aNyjwC2VJldO2LMVDhFK+63xGqq6CsJH4rTAt6/M+N4GhZiDYPx9eUw==",
      "peer": true,
      "requires": {
        "loose-envify": "^1.1.0"
      }
    },
    "throttle-debounce": {
      "version": "2.3.0",
      "resolved": "https://registry.npmjs.org/throttle-debounce/-/throttle-debounce-2.3.0.tgz",
      "integrity": "sha512-H7oLPV0P7+jgvrk+6mwwwBDmxTaxnu9HMXmloNLXwnNO0ZxZ31Orah2n8lU1eMPvsaowP2CX+USCgyovXfdOFQ=="
    },
    "validatorjs": {
      "version": "3.22.1",
      "resolved": "https://registry.npmjs.org/validatorjs/-/validatorjs-3.22.1.tgz",
      "integrity": "sha512-451KiCt/3E8qV/8fOUdO0YkA8zUdQBNVxubg9jvgEB+JAg9IlRKrClzwq2ir2ndj7TWmPYQ7bXFb4BxcyX2iWw=="
    }
  }
}
